github.com/nicokaiser/hugo-theme-gallery v0.0.0-20230712201005-c078effab31e h1:MoR0qc1+wQfLdfT3EamXPkrqugp58tBLf0+e1x6Wvgc=
github.com/nicokaiser/hugo-theme-gallery v0.0.0-20230712201005-c078effab31e/go.mod h1:8AuD9hExxEMCLloALGPYnWFl4LCq8/xzS2Bs+WRhXzQ=
github.com/nicokaiser/hugo-theme-gallery v0.0.0-20231122113845-52573f5990d6 h1:nVjcUdtrcz7u4aNMKnKLHsk+3mhHmKzt7E9AX5JFkE8=
github.com/nicokaiser/hugo-theme-gallery v0.0.0-20231122113845-52573f5990d6/go.mod h1:DKnn4hE1/Z7pKoXSr42kBiRNn1Th3RW57oYoDQIx4gM=
